// !$*UTF8*$!
{
	archiveVersion = 1;
	classes = {
	};
	objectVersion = 50;
	objects = {

/* Begin PBXBuildFile section */
		B66FA8B2249D1B920095F266 /* AppDelegate.swift in Sources */ = {isa = PBXBuildFile; fileRef = B66FA8B1249D1B920095F266 /* AppDelegate.swift */; };
		B66FA8B4249D1B920095F266 /* SceneDelegate.swift in Sources */ = {isa = PBXBuildFile; fileRef = B66FA8B3249D1B920095F266 /* SceneDelegate.swift */; };
		B66FA8B6249D1B920095F266 /* ContentView.swift in Sources */ = {isa = PBXBuildFile; fileRef = B66FA8B5249D1B920095F266 /* ContentView.swift */; };
		B66FA8B8249D1B950095F266 /* Assets.xcassets in Resources */ = {isa = PBXBuildFile; fileRef = B66FA8B7249D1B950095F266 /* Assets.xcassets */; };
		B66FA8BB249D1B950095F266 /* Preview Assets.xcassets in Resources */ = {isa = PBXBuildFile; fileRef = B66FA8BA249D1B950095F266 /* Preview Assets.xcassets */; };
		B66FA8BE249D1B950095F266 /* LaunchScreen.storyboard in Resources */ = {isa = PBXBuildFile; fileRef = B66FA8BC249D1B950095F266 /* LaunchScreen.storyboard */; };
		B66FA8C6249D234A0095F266 /* Still Corners - Fireflies.mp3 in Resources */ = {isa = PBXBuildFile; fileRef = B66FA8C5249D234A0095F266 /* Still Corners - Fireflies.mp3 */; };
		B66FA8C8249D23570095F266 /* Alkaline Trio - Clavicle.mp3 in Resources */ = {isa = PBXBuildFile; fileRef = B66FA8C7249D23570095F266 /* Alkaline Trio - Clavicle.mp3 */; };
		B66FA8CA249D23610095F266 /* Blackbird Blackbird - Pure.mp3 in Resources */ = {isa = PBXBuildFile; fileRef = B66FA8C9249D23600095F266 /* Blackbird Blackbird - Pure.mp3 */; };
/* End PBXBuildFile section */

/* Begin PBXFileReference section */
		B66FA8AE249D1B920095F266 /* soundApp2.app */ = {isa = PBXFileReference; explicitFileType = wrapper.application; includeInIndex = 0; path = soundApp2.app; sourceTree = BUILT_PRODUCTS_DIR; };
		B66FA8B1249D1B920095F266 /* AppDelegate.swift */ = {isa = PBXFileReference; lastKnownFileType = sourcecode.swift; path = AppDelegate.swift; sourceTree = "<group>"; };
		B66FA8B3249D1B920095F266 /* SceneDelegate.swift */ = {isa = PBXFileReference; lastKnownFileType = sourcecode.swift; path = SceneDelegate.swift; sourceTree = "<group>"; };
		B66FA8B5249D1B920095F266 /* ContentView.swift */ = {isa = PBXFileReference; lastKnownFileType = sourcecode.swift; path = ContentView.swift; sourceTree = "<group>"; };
		B66FA8B7249D1B950095F266 /* Assets.xcassets */ = {isa = PBXFileReference; lastKnownFileType = folder.assetcatalog; path = Assets.xcassets; sourceTree = "<group>"; };
		B66FA8BA249D1B950095F266 /* Preview Assets.xcassets */ = {isa = PBXFileReference; lastKnownFileType = folder.assetcatalog; path = "Preview Assets.xcassets"; sourceTree = "<group>"; };
		B66FA8BD249D1B950095F266 /* Base */ = {isa = PBXFileReference; lastKnownFileType = file.storyboard; name = Base; path = Base.lproj/LaunchScreen.storyboard; sourceTree = "<group>"; };
		B66FA8BF249D1B950095F266 /* Info.plist */ = {isa = PBXFileReference; lastKnownFileType = text.plist.xml; path = Info.plist; sourceTree = "<group>"; };
		B66FA8C5249D234A0095F266 /* Still Corners - Fireflies.mp3 */ = {isa = PBXFileReference; lastKnownFileType = audio.mp3; path = "Still Corners - Fireflies.mp3"; sourceTree = "<group>"; };
		B66FA8C7249D23570095F266 /* Alkaline Trio - Clavicle.mp3 */ = {isa = PBXFileReference; lastKnownFileType = audio.mp3; path = "Alkaline Trio - Clavicle.mp3"; sourceTree = "<group>"; };
		B66FA8C9249D23600095F266 /* Blackbird Blackbird - Pure.mp3 */ = {isa = PBXFileReference; lastKnownFileType = audio.mp3; path = "Blackbird Blackbird - Pure.mp3"; sourceTree = "<group>"; };
/* End PBXFileReference section */

/* Begin PBXFrameworksBuildPhase section */
		B66FA8AB249D1B920095F266 /* Frameworks */ = {
			isa = PBXFrameworksBuildPhase;
			buildActionMask = 2147483647;
			files = (
			);
			runOnlyForDeploymentPostprocessing = 0;
		};
/* End PBXFrameworksBuildPhase section */

/* Begin PBXGroup section */
		B66FA8A5249D1B920095F266 = {
			isa = PBXGroup;
			children = (
				B66FA8B0249D1B920095F266 /* soundApp2 */,
				B66FA8AF249D1B920095F266 /* Products */,
			);
			sourceTree = "<group>";
		};
		B66FA8AF249D1B920095F266 /* Products */ = {
			isa = PBXGroup;
			children = (
				B66FA8AE249D1B920095F266 /* soundApp2.app */,
			);
			name = Products;
			sourceTree = "<group>";
		};
		B66FA8B0249D1B920095F266 /* soundApp2 */ = {
			isa = PBXGroup;
			children = (
				B66FA8B1249D1B920095F266 /* AppDelegate.swift */,
				B66FA8B3249D1B920095F266 /* SceneDelegate.swift */,
				B66FA8B5249D1B920095F266 /* ContentView.swift */,
				B66FA8C5249D234A0095F266 /* Still Corners - Fireflies.mp3 */,
				B66FA8C7249D23570095F266 /* Alkaline Trio - Clavicle.mp3 */,
				B66FA8C9249D23600095F266 /* Blackbird Blackbird - Pure.mp3 */,
				B66FA8B7249D1B950095F266 /* Assets.xcassets */,
				B66FA8BC249D1B950095F266 /* LaunchScreen.storyboard */,
				B66FA8BF249D1B950095F266 /* Info.plist */,
				B66FA8B9249D1B950095F266 /* Preview Content */,
			);
			path = soundApp2;
			sourceTree = "<group>";
		};
		B66FA8B9249D1B950095F266 /* Preview Content */ = {
			isa = PBXGroup;
			children = (
				B66FA8BA249D1B950095F266 /* Preview Assets.xcassets */,
			);
			path = "Preview Content";
			sourceTree = "<group>";
		};
/* End PBXGroup section */

/* Begin PBXNativeTarget section */
		B66FA8AD249D1B920095F266 /* soundApp2 */ = {
			isa = PBXNativeTarget;
			buildConfigurationList = B66FA8C2249D1B950095F266 /* Build configuration list for PBXNativeTarget "soundApp2" */;
			buildPhases = (
				B66FA8AA249D1B920095F266 /* Sources */,
				B66FA8AB249D1B920095F266 /* Frameworks */,
				B66FA8AC249D1B920095F266 /* Resources */,
			);
			buildRules = (
			);
			dependencies = (
			);
			name = soundApp2;
			productName = soundApp2;
			productReference = B66FA8AE249D1B920095F266 /* soundApp2.app */;
			productType = "com.apple.product-type.application";
		};
/* End PBXNativeTarget section */

/* Begin PBXProject section */
		B66FA8A6249D1B920095F266 /* Project object */ = {
			isa = PBXProject;
			attributes = {
				LastSwiftUpdateCheck = 1140;
				LastUpgradeCheck = 1140;
				ORGANIZATIONNAME = "W Wessels";
				TargetAttributes = {
					B66FA8AD249D1B920095F266 = {
						CreatedOnToolsVersion = 11.4;
					};
				};
			};
			buildConfigurationList = B66FA8A9249D1B920095F266 /* Build configuration list for PBXProject "soundApp2" */;
			compatibilityVersion = "Xcode 9.3";
			developmentRegion = en;
			hasScannedForEncodings = 0;
			knownRegions = (
				en,
				Base,
			);
			mainGroup = B66FA8A5249D1B920095F266;
			productRefGroup = B66FA8AF249D1B920095F266 /* Products */;
			projectDirPath = "";
			projectRoot = "";
			targets = (
				B66FA8AD249D1B920095F266 /* soundApp2 */,
			);
		};
/* End PBXProject section */

/* Begin PBXResourcesBuildPhase section */
		B66FA8AC249D1B920095F266 /* Resources */ = {
			isa = PBXResourcesBuildPhase;
			buildActionMask = 2147483647;
			files = (
				B66FA8BE249D1B950095F266 /* LaunchScreen.storyboard in Resources */,
				B66FA8C8249D23570095F266 /* Alkaline Trio - Clavicle.mp3 in Resources */,
				B66FA8C6249D234A0095F266 /* Still Corners - Fireflies.mp3 in Resources */,
				B66FA8CA249D23610095F266 /* Blackbird Blackbird - Pure.mp3 in Resources */,
				B66FA8BB249D1B950095F266 /* Preview Assets.xcassets in Resources */,
				B66FA8B8249D1B950095F266 /* Assets.xcassets in Resources */,
			);
			runOnlyForDeploymentPostprocessing = 0;
		};
/* End PBXResourcesBuildPhase section */

/* Begin PBXSourcesBuildPhase section */
		B66FA8AA249D1B920095F266 /* Sources */ = {
			isa = PBXSourcesBuildPhase;
			buildActionMask = 2147483647;
			files = (
				B66FA8B2249D1B920095F266 /* AppDelegate.swift in Sources */,
				B66FA8B4249D1B920095F266 /* SceneDelegate.swift in Sources */,
				B66FA8B6249D1B920095F266 /* ContentView.swift in Sources */,
			);
			runOnlyForDeploymentPostprocessing = 0;
		};
/* End PBXSourcesBuildPhase section */

/* Begin PBXVariantGroup section */
		B66FA8BC249D1B950095F266 /* LaunchScreen.storyboard */ = {
			isa = PBXVariantGroup;
			children = (
				B66FA8BD249D1B950095F266 /* Base */,
			);
			name = LaunchScreen.storyboard;
			sourceTree = "<group>";
		};
/* End PBXVariantGroup section */

/* Begin XCBuildConfiguration section */
		B66FA8C0249D1B950095F266 /* Debug */ = {
			isa = XCBuildConfiguration;
			buildSettings = {
				ALWAYS_SEARCH_USER_PATHS = NO;
				CLANG_ANALYZER_NONNULL = YES;
				CLANG_ANALYZER_NUMBER_OBJECT_CONVERSION = YES_AGGRESSIVE;
				CLANG_CXX_LANGUAGE_STANDARD = "gnu++14";
				CLANG_CXX_LIBRARY = "libc++";
				CLANG_ENABLE_MODULES = YES;
				CLANG_ENABLE_OBJC_ARC = YES;
				CLANG_ENABLE_OBJC_WEAK = YES;
				CLANG_WARN_BLOCK_CAPTURE_AUTORELEASING = YES;
				CLANG_WARN_BOOL_CONVERSION = YES;
				CLANG_WARN_COMMA = YES;
				CLANG_WARN_CONSTANT_CONVERSION = YES;
				CLANG_WARN_DEPRECATED_OBJC_IMPLEMENTATIONS = YES;
				CLANG_WARN_DIRECT_OBJC_ISA_USAGE = YES_ERROR;
				CLANG_WARN_DOCUMENTATION_COMMENTS = YES;
				CLANG_WARN_EMPTY_BODY = YES;
				CLANG_WARN_ENUM_CONVERSION = YES;
				CLANG_WARN_INFINITE_RECURSION = YES;
				CLANG_WARN_INT_CONVERSION = YES;
				CLANG_WARN_NON_LITERAL_NULL_CONVERSION = YES;
				CLANG_WARN_OBJC_IMPLICIT_RETAIN_SELF = YES;
				CLANG_WARN_OBJC_LITERAL_CONVERSION = YES;
				CLANG_WARN_OBJC_ROOT_CLASS = YES_ERROR;
				CLANG_WARN_RANGE_LOOP_ANALYSIS = YES;
				CLANG_WARN_STRICT_PROTOTYPES = YES;
				CLANG_WARN_SUSPICIOUS_MOVE = YES;
				CLANG_WARN_UNGUARDED_AVAILABILITY = YES_AGGRESSIVE;
				CLANG_WARN_UNREACHABLE_CODE = YES;
				CLANG_WARN__DUPLICATE_METHOD_MATCH = YES;
				COPY_PHASE_STRIP = NO;
				DEBUG_INFORMATION_FORMAT = dwarf;
				ENABLE_STRICT_OBJC_MSGSEND = YES;
				ENABLE_TESTABILITY = YES;
				GCC_C_LANGUAGE_STANDARD = gnu11;
				GCC_DYNAMIC_NO_PIC = NO;
				GCC_NO_COMMON_BLOCKS = YES;
				GCC_OPTIMIZATION_LEVEL = 0;
				GCC_PREPROCESSOR_DEFINITIONS = (
					"DEBUG=1",
					"$(inherited)",
				);
				GCC_WARN_64_TO_32_BIT_CONVERSION = YES;
				GCC_WARN_ABOUT_RETURN_TYPE = YES_ERROR;
				GCC_WARN_UNDECLARED_SELECTOR = YES;
				GCC_WARN_UNINITIALIZED_AUTOS = YES_AGGRESSIVE;
				GCC_WARN_UNUSED_FUNCTION = YES;
				GCC_WARN_UNUSED_VARIABLE = YES;
				IPHONEOS_DEPLOYMENT_TARGET = 13.4;
				MTL_ENABLE_DEBUG_INFO = INCLUDE_SOURCE;
				MTL_FAST_MATH = YES;
				ONLY_ACTIVE_ARCH = YES;
				SDKROOT = iphoneos;
				SWIFT_ACTIVE_COMPILATION_CONDITIONS = DEBUG;
				SWIFT_OPTIMIZATION_LEVEL = "-Onone";
			};
			name = Debug;
		};
		B66FA8C1249D1B950095F266 /* Release */ = {
			isa = XCBuildConfiguration;
			buildSettings = {
				ALWAYS_SEARCH_USER_PATHS = NO;
				CLANG_ANALYZER_NONNULL = YES;
				CLANG_ANALYZER_NUMBER_OBJECT_CONVERSION = YES_AGGRESSIVE;
				CLANG_CXX_LANGUAGE_STANDARD = "gnu++14";
				CLANG_CXX_LIBRARY = "libc++";
				CLANG_ENABLE_MODULES = YES;
				CLANG_ENABLE_OBJC_ARC = YES;
				CLANG_ENABLE_OBJC_WEAK = YES;
				CLANG_WARN_BLOCK_CAPTURE_AUTORELEASING = YES;
				CLANG_WARN_BOOL_CONVERSION = YES;
				CLANG_WARN_COMMA = YES;
				CLANG_WARN_CONSTANT_CONVERSION = YES;
				CLANG_WARN_DEPRECATED_OBJC_IMPLEMENTATIONS = YES;
				CLANG_WARN_DIRECT_OBJC_ISA_USAGE = YES_ERROR;
				CLANG_WARN_DOCUMENTATION_COMMENTS = YES;
				CLANG_WARN_EMPTY_BODY = YES;
				CLANG_WARN_ENUM_CONVERSION = YES;
				CLANG_WARN_INFINITE_RECURSION = YES;
				CLANG_WARN_INT_CONVERSION = YES;
				CLANG_WARN_NON_LITERAL_NULL_CONVERSION = YES;
				CLANG_WARN_OBJC_IMPLICIT_RETAIN_SELF = YES;
				CLANG_WARN_OBJC_LITERAL_CONVERSION = YES;
				CLANG_WARN_OBJC_ROOT_CLASS = YES_ERROR;
				CLANG_WARN_RANGE_LOOP_ANALYSIS = YES;
				CLANG_WARN_STRICT_PROTOTYPES = YES;
				CLANG_WARN_SUSPICIOUS_MOVE = YES;
				CLANG_WARN_UNGUARDED_AVAILABILITY = YES_AGGRESSIVE;
				CLANG_WARN_UNREACHABLE_CODE = YES;
				CLANG_WARN__DUPLICATE_METHOD_MATCH = YES;
				COPY_PHASE_STRIP = NO;
				DEBUG_INFORMATION_FORMAT = "dwarf-with-dsym";
				ENABLE_NS_ASSERTIONS = NO;
				ENABLE_STRICT_OBJC_MSGSEND = YES;
				GCC_C_LANGUAGE_STANDARD = gnu11;
				GCC_NO_COMMON_BLOCKS = YES;
				GCC_WARN_64_TO_32_BIT_CONVERSION = YES;
				GCC_WARN_ABOUT_RETURN_TYPE = YES_ERROR;
				GCC_WARN_UNDECLARED_SELECTOR = YES;
				GCC_WARN_UNINITIALIZED_AUTOS = YES_AGGRESSIVE;
				GCC_WARN_UNUSED_FUNCTION = YES;
				GCC_WARN_UNUSED_VARIABLE = YES;
				IPHONEOS_DEPLOYMENT_TARGET = 13.4;
				MTL_ENABLE_DEBUG_INFO = NO;
				MTL_FAST_MATH = YES;
				SDKROOT = iphoneos;
				SWIFT_COMPILATION_MODE = wholemodule;
				SWIFT_OPTIMIZATION_LEVEL = "-O";
				VALIDATE_PRODUCT = YES;
			};
			name = Release;
		};
		B66FA8C3249D1B950095F266 /* Debug */ = {
			isa = XCBuildConfiguration;
			buildSettings = {
				ASSETCATALOG_COMPILER_APPICON_NAME = AppIcon;
				CODE_SIGN_STYLE = Automatic;
				DEVELOPMENT_ASSET_PATHS = "\"soundApp2/Preview Content\"";
				DEVELOPMENT_TEAM = X8Z3WUUKQT;
				ENABLE_PREVIEWS = YES;
				INFOPLIST_FILE = soundApp2/Info.plist;
				LD_RUNPATH_SEARCH_PATHS = (
					"$(inherited)",
					"@executable_path/Frameworks",
				);
				PRODUCT_BUNDLE_IDENTIFIER = insight.soundApp2;
				PRODUCT_NAME = "$(TARGET_NAME)";
				SWIFT_VERSION = 5.0;
				TARGETED_DEVICE_FAMILY = "1,2";
			};
			name = Debug;
		};
		B66FA8C4249D1B950095F266 /* Release */ = {
			isa = XCBuildConfiguration;
			buildSettings = {
				ASSETCATALOG_COMPILER_APPICON_NAME = AppIcon;
				CODE_SIGN_STYLE = Automatic;
				DEVELOPMENT_ASSET_PATHS = "\"soundApp2/Preview Content\"";
				DEVELOPMENT_TEAM = X8Z3WUUKQT;
				ENABLE_PREVIEWS = YES;
				INFOPLIST_FILE = soundApp2/Info.plist;
				LD_RUNPATH_SEARCH_PATHS = (
					"$(inherited)",
					"@executable_path/Frameworks",
				);
				PRODUCT_BUNDLE_IDENTIFIER = insight.soundApp2;
				PRODUCT_NAME = "$(TARGET_NAME)";
				SWIFT_VERSION = 5.0;
				TARGETED_DEVICE_FAMILY = "1,2";
			};
			name = Release;
		};
/* End XCBuildConfiguration section */

/* Begin XCConfigurationList section */
		B66FA8A9249D1B920095F266 /* Build configuration list for PBXProject "soundApp2" */ = {
			isa = XCConfigurationList;
			buildConfigurations = (
				B66FA8C0249D1B950095F266 /* Debug */,
				B66FA8C1249D1B950095F266 /* Release */,
			);
			defaultConfigurationIsVisible = 0;
			defaultConfigurationName = Release;
		};
		B66FA8C2249D1B950095F266 /* Build configuration list for PBXNativeTarget "soundApp2" */ = {
			isa = XCConfigurationList;
			buildConfigurations = (
				B66FA8C3249D1B950095F266 /* Debug */,
				B66FA8C4249D1B950095F266 /* Release */,
			);
			defaultConfigurationIsVisible = 0;
			defaultConfigurationName = Release;
		};
/* End XCConfigurationList section */
	};
	rootObject = B66FA8A6249D1B920095F266 /* Project object */;
}
